# THIS IS AN AUTOGENERATED FILE. DO NOT EDIT THIS FILE DIRECTLY.
# yarn lockfile v1


"@babel/parser@^7.18.4":
  version "7.22.5"
  resolved "https://registry.yarnpkg.com/@babel/parser/-/parser-7.22.5.tgz#721fd042f3ce1896238cf1b341c77eb7dee7dbea"
  integrity sha512-DFZMC9LJUG9PLOclRC32G63UXwzqS2koQC8dkx+PLdmt1xSePYpbT/NbsrJy8Q/muXz7o/h/d4A7Fuyixm559Q==

"@carbon/icon-helpers@^10.29.0", "@carbon/icon-helpers@^10.37.0":
  version "10.41.0"
  resolved "https://registry.yarnpkg.com/@carbon/icon-helpers/-/icon-helpers-10.41.0.tgz#5a54ee962989405ab863ec4595b40b22bb78eef7"
  integrity sha512-bKMTigt0/WzlNRgQArHO2WF21bVP7Pur/8QQ9pwhIyYkKCdqEbB9b719iPZTOe5qBZAo4rS5+2pGvePf2E3cWQ==

"@carbon/icons-vue@10.63.0":
  version "10.63.0"
  resolved "https://registry.yarnpkg.com/@carbon/icons-vue/-/icons-vue-10.63.0.tgz#7e6dd8602537a77acfdf06c51585a51bc905c6e7"
  integrity sha512-JLvq0gYc6S25kOy4JvyGe6jykJezfngsUoTX18nSauE4T5Ikho7osQw/uXzsJNqPlk7HksnNrkrj142omO1PRA==
  dependencies:
    "@carbon/icon-helpers" "^10.37.0"

"@carbon/icons-vue@^10.49.1":
  version "10.49.1"
  resolved "https://registry.yarnpkg.com/@carbon/icons-vue/-/icons-vue-10.49.1.tgz#fd6faddc7364160c5acd60c6eaf245e86a004403"
  integrity sha512-bUomWnlpfuFWOszjBvNlpQiV8CuTIFZnmmuSbxEiXFXBMhAqRctqbtY4ZHKm8tTiuHafCuuY/onad3rrcVLfTA==
  dependencies:
    "@carbon/icon-helpers" "^10.29.0"

"@carbon/telemetry@0.1.0", "@carbon/telemetry@^0.1.0":
  version "0.1.0"
  resolved "https://registry.yarnpkg.com/@carbon/telemetry/-/telemetry-0.1.0.tgz#57b331cd5a855b4abbf55457456da8211624d879"
  integrity sha512-kNWt0bkgPwGW0i5h7HFuljbKRXPvIhsKbB+1tEURAYLXoJg9iJLF1eGvWN5iVoFCS2zje4GR3OGOsvvKVe7Hlg==

"@carbon/vue@^2.45.1":
  version "2.45.1"
  resolved "https://registry.yarnpkg.com/@carbon/vue/-/vue-2.45.1.tgz#c424ae747d47f429f80d6dac49b65d54854e7453"
  integrity sha512-REvHUw2VTt5xwuJe8iijURo11LO3FPDQrmqV0PQRyfznM9LqvZROW+LBKAbjoTgBN9I2dbHO7rFJngTmo44BNg==
  dependencies:
    "@carbon/icons-vue" "10.63.0"
    "@carbon/telemetry" "^0.1.0"
    carbon-components "10.58.5"
    flatpickr "4.6.13"
    vue "^2.7.10"

"@vue/compiler-sfc@2.7.14":
  version "2.7.14"
  resolved "https://registry.yarnpkg.com/@vue/compiler-sfc/-/compiler-sfc-2.7.14.tgz#3446fd2fbb670d709277fc3ffa88efc5e10284fd"
  integrity sha512-aNmNHyLPsw+sVvlQFQ2/8sjNuLtK54TC6cuKnVzAY93ks4ZBrvwQSnkkIh7bsbNhum5hJBS00wSDipQ937f5DA==
  dependencies:
    "@babel/parser" "^7.18.4"
    postcss "^8.4.14"
    source-map "^0.6.1"

carbon-components@10.58.5:
  version "10.58.5"
  resolved "https://registry.yarnpkg.com/carbon-components/-/carbon-components-10.58.5.tgz#5d27740c745d7a5f1f786ca2210d833f079a3746"
  integrity sha512-7NdteXZZ5lAR45FXwb7K2ZMlqBxS3TAt8uRs6U0ARaFE/WRJtgOeSQqkwRXczqSmXctElKNtoXgLXzubTMmPMQ==
  dependencies:
    "@carbon/telemetry" "0.1.0"
    flatpickr "4.6.1"
    lodash.debounce "^4.0.8"
    warning "^3.0.0"

carbon-components@^10.58.3:
  version "10.58.3"
  resolved "https://registry.yarnpkg.com/carbon-components/-/carbon-components-10.58.3.tgz#425bb5ceb8755fda9c50769572a5845d3f852e00"
  integrity sha512-RjTnrWCGStsIZ7nErw97AZI9sQWxQ8oIgo3QMdV0FWFcpTOECA4I9Dy4WPpRRdSMBcQpLetTxqjDGourM4u8Tw==
  dependencies:
    "@carbon/telemetry" "0.1.0"
    flatpickr "4.6.1"
    lodash.debounce "^4.0.8"
    warning "^3.0.0"

csstype@^3.1.0:
  version "3.1.2"
  resolved "https://registry.yarnpkg.com/csstype/-/csstype-3.1.2.tgz#1d4bf9d572f11c14031f0436e1c10bc1f571f50b"
  integrity sha512-I7K1Uu0MBPzaFKg4nI5Q7Vs2t+3gWWW648spaF+Rg7pI9ds18Ugn+lvg4SHczUdKlHI5LWBXyqfS8+DufyBsgQ==

flatpickr@4.6.1:
  version "4.6.1"
  resolved "https://registry.yarnpkg.com/flatpickr/-/flatpickr-4.6.1.tgz#9eb498ab805dd27f5ae02e1ac6ac6c099ce45e94"
  integrity sha512-3ULSxbXmcMIRzer/2jLNweoqHpwDvsjEawO2FUd9UFR8uPwLM+LruZcPDpuZStcEgbQKhuFOfXo4nYdGladSNw==

flatpickr@4.6.13:
  version "4.6.13"
  resolved "https://registry.yarnpkg.com/flatpickr/-/flatpickr-4.6.13.tgz#8a029548187fd6e0d670908471e43abe9ad18d94"
  integrity sha512-97PMG/aywoYpB4IvbvUJi0RQi8vearvU0oov1WW3k0WZPBMrTQVqekSX5CjSG/M4Q3i6A/0FKXC7RyAoAUUSPw==

"js-tokens@^3.0.0 || ^4.0.0":
  version "4.0.0"
  resolved "https://registry.yarnpkg.com/js-tokens/-/js-tokens-4.0.0.tgz#19203fb59991df98e3a287050d4647cdeaf32499"
  integrity sha512-RdJUflcE3cUzKiMqQgsCu06FPu9UdIJO0beYbPhHN4k6apgJtifcoCtT9bcxOpYBtpD2kCM6Sbzg4CausW/PKQ==

lodash.debounce@^4.0.8:
  version "4.0.8"
  resolved "https://registry.yarnpkg.com/lodash.debounce/-/lodash.debounce-4.0.8.tgz#82d79bff30a67c4005ffd5e2515300ad9ca4d7af"
  integrity sha512-FT1yDzDYEoYWhnSGnpE/4Kj1fLZkDFyqRb7fNt6FdYOSxlUWAtp42Eh6Wb0rGIv/m9Bgo7x4GhQbm5Ys4SG5ow==

loose-envify@^1.0.0:
  version "1.4.0"
  resolved "https://registry.yarnpkg.com/loose-envify/-/loose-envify-1.4.0.tgz#71ee51fa7be4caec1a63839f7e682d8132d30caf"
  integrity sha512-lyuxPGr/Wfhrlem2CL/UcnUc1zcqKAImBDzukY7Y5F/yQiNdko6+fRLevlw1HgMySw7f611UIY408EtxRSoK3Q==
  dependencies:
    js-tokens "^3.0.0 || ^4.0.0"

nanoid@^3.3.6:
  version "3.3.6"
  resolved "https://registry.yarnpkg.com/nanoid/-/nanoid-3.3.6.tgz#443380c856d6e9f9824267d960b4236ad583ea4c"
  integrity sha512-BGcqMMJuToF7i1rt+2PWSNVnWIkGCU78jBG3RxO/bZlnZPK2Cmi2QaffxGO/2RvWi9sL+FAiRiXMgsyxQ1DIDA==

picocolors@^1.0.0:
  version "1.0.0"
  resolved "https://registry.yarnpkg.com/picocolors/-/picocolors-1.0.0.tgz#cb5bdc74ff3f51892236eaf79d68bc44564ab81c"
  integrity sha512-1fygroTLlHu66zi26VoTDv8yRgm0Fccecssto+MhsZ0D/DGW2sm8E8AjW7NU5VVTRt5GxbeZ5qBuJr+HyLYkjQ==

postcss@^8.4.14:
  version "8.4.24"
  resolved "https://registry.yarnpkg.com/postcss/-/postcss-8.4.24.tgz#f714dba9b2284be3cc07dbd2fc57ee4dc972d2df"
  integrity sha512-M0RzbcI0sO/XJNucsGjvWU9ERWxb/ytp1w6dKtxTKgixdtQDq4rmx/g8W1hnaheq9jgwL/oyEdH5Bc4WwJKMqg==
  dependencies:
    nanoid "^3.3.6"
    picocolors "^1.0.0"
    source-map-js "^1.0.2"

source-map-js@^1.0.2:
  version "1.0.2"
  resolved "https://registry.yarnpkg.com/source-map-js/-/source-map-js-1.0.2.tgz#adbc361d9c62df380125e7f161f71c826f1e490c"
  integrity sha512-R0XvVJ9WusLiqTCEiGCmICCMplcCkIwwR11mOSD9CR5u+IXYdiseeEuXCVAjS54zqwkLcPNnmU4OeJ6tUrWhDw==

source-map@^0.6.1:
  version "0.6.1"
  resolved "https://registry.yarnpkg.com/source-map/-/source-map-0.6.1.tgz#74722af32e9614e9c287a8d0bbde48b5e2f1a263"
  integrity sha512-UjgapumWlbMhkBgzT7Ykc5YXUT46F0iKu8SGXq0bcwP5dz/h0Plj6enJqjz1Zbq2l5WaqYnrVbwWOWMyF3F47g==

vue@^2.7.10:
  version "2.7.14"
  resolved "https://registry.yarnpkg.com/vue/-/vue-2.7.14.tgz#3743dcd248fd3a34d421ae456b864a0246bafb17"
  integrity sha512-b2qkFyOM0kwqWFuQmgd4o+uHGU7T+2z3T+WQp8UBjADfEv2n4FEMffzBmCKNP0IGzOEEfYjvtcC62xaSKeQDrQ==
  dependencies:
    "@vue/compiler-sfc" "2.7.14"
    csstype "^3.1.0"

warning@^3.0.0:
  version "3.0.0"
  resolved "https://registry.yarnpkg.com/warning/-/warning-3.0.0.tgz#32e5377cb572de4ab04753bdf8821c01ed605b7c"
  integrity sha512-jMBt6pUrKn5I+OGgtQ4YZLdhIeJmObddh6CsibPxyQ5yPZm1XExSyzC1LCNX7BzhxWgiHmizBWJTHJIjMjTQYQ==
  dependencies:
    loose-envify "^1.0.0"
